// !$*UTF8*$!
{
	archiveVersion = 1;
	classes = {
	};
	objectVersion = 50;
	objects = {

/* Begin PBXBuildFile section */
		19190C4F21AAE87B00587A1C /* AppDelegate.swift in Sources */ = {isa = PBXBuildFile; fileRef = 19190C4E21AAE87B00587A1C /* AppDelegate.swift */; };
		19190C5121AAE87B00587A1C /* ViewController.swift in Sources */ = {isa = PBXBuildFile; fileRef = 19190C5021AAE87B00587A1C /* ViewController.swift */; };
		19190C5421AAE87B00587A1C /* Main.storyboard in Resources */ = {isa = PBXBuildFile; fileRef = 19190C5221AAE87B00587A1C /* Main.storyboard */; };
		19190C5621AAE87D00587A1C /* Assets.xcassets in Resources */ = {isa = PBXBuildFile; fileRef = 19190C5521AAE87D00587A1C /* Assets.xcassets */; };
		19190C5921AAE87D00587A1C /* LaunchScreen.storyboard in Resources */ = {isa = PBXBuildFile; fileRef = 19190C5721AAE87D00587A1C /* LaunchScreen.storyboard */; };
		19190C6421AAE87E00587A1C /* FirebaseDemoTests.swift in Sources */ = {isa = PBXBuildFile; fileRef = 19190C6321AAE87E00587A1C /* FirebaseDemoTests.swift */; };
		19190C6F21AAE87E00587A1C /* FirebaseDemoUITests.swift in Sources */ = {isa = PBXBuildFile; fileRef = 19190C6E21AAE87E00587A1C /* FirebaseDemoUITests.swift */; };
		19190C7D21AAEB7B00587A1C /* LoginViewController.swift in Sources */ = {isa = PBXBuildFile; fileRef = 19190C7C21AAEB7B00587A1C /* LoginViewController.swift */; };
		19190C7F21AAEB9600587A1C /* DatabaseViewController.swift in Sources */ = {isa = PBXBuildFile; fileRef = 19190C7E21AAEB9600587A1C /* DatabaseViewController.swift */; };
		19190C8121AAECAD00587A1C /* GoogleService-Info.plist in Resources */ = {isa = PBXBuildFile; fileRef = 19190C8021AAECAD00587A1C /* GoogleService-Info.plist */; };
		19190C8321AB1A8D00587A1C /* SpalshViewController.swift in Sources */ = {isa = PBXBuildFile; fileRef = 19190C8221AB1A8D00587A1C /* SpalshViewController.swift */; };
		1A70890D99D9F992BCC778DF /* Pods_FirebaseDemoUITests.framework in Frameworks */ = {isa = PBXBuildFile; fileRef = 96DA8ACB760E59C6283D8E60 /* Pods_FirebaseDemoUITests.framework */; };
		37AF141450012A1CBCEF7CB0 /* Pods_FirebaseDemoTests.framework in Frameworks */ = {isa = PBXBuildFile; fileRef = 75819EDA1FBA6DBDDB03CEBC /* Pods_FirebaseDemoTests.framework */; };
		4420AFEBC01360B4DFCC38C2 /* Pods_FirebaseDemo.framework in Frameworks */ = {isa = PBXBuildFile; fileRef = 586722F98809BEED44247905 /* Pods_FirebaseDemo.framework */; };
/* End PBXBuildFile section */

/* Begin PBXContainerItemProxy section */
		19190C6021AAE87E00587A1C /* PBXContainerItemProxy */ = {
			isa = PBXContainerItemProxy;
			containerPortal = 19190C4321AAE87B00587A1C /* Project object */;
			proxyType = 1;
			remoteGlobalIDString = 19190C4A21AAE87B00587A1C;
			remoteInfo = FirebaseDemo;
		};
		19190C6B21AAE87E00587A1C /* PBXContainerItemProxy */ = {
			isa = PBXContainerItemProxy;
			containerPortal = 19190C4321AAE87B00587A1C /* Project object */;
			proxyType = 1;
			remoteGlobalIDString = 19190C4A21AAE87B00587A1C;
			remoteInfo = FirebaseDemo;
		};
/* End PBXContainerItemProxy section */

/* Begin PBXFileReference section */
		19190C4B21AAE87B00587A1C /* FirebaseDemo.app */ = {isa = PBXFileReference; explicitFileType = wrapper.application; includeInIndex = 0; path = FirebaseDemo.app; sourceTree = BUILT_PRODUCTS_DIR; };
		19190C4E21AAE87B00587A1C /* AppDelegate.swift */ = {isa = PBXFileReference; lastKnownFileType = sourcecode.swift; path = AppDelegate.swift; sourceTree = "<group>"; };
		19190C5021AAE87B00587A1C /* ViewController.swift */ = {isa = PBXFileReference; lastKnownFileType = sourcecode.swift; path = ViewController.swift; sourceTree = "<group>"; };
		19190C5321AAE87B00587A1C /* Base */ = {isa = PBXFileReference; lastKnownFileType = file.storyboard; name = Base; path = Base.lproj/Main.storyboard; sourceTree = "<group>"; };
		19190C5521AAE87D00587A1C /* Assets.xcassets */ = {isa = PBXFileReference; lastKnownFileType = folder.assetcatalog; path = Assets.xcassets; sourceTree = "<group>"; };
		19190C5821AAE87D00587A1C /* Base */ = {isa = PBXFileReference; lastKnownFileType = file.storyboard; name = Base; path = Base.lproj/LaunchScreen.storyboard; sourceTree = "<group>"; };
		19190C5A21AAE87D00587A1C /* Info.plist */ = {isa = PBXFileReference; lastKnownFileType = text.plist.xml; path = Info.plist; sourceTree = "<group>"; };
		19190C5F21AAE87E00587A1C /* FirebaseDemoTests.xctest */ = {isa = PBXFileReference; explicitFileType = wrapper.cfbundle; includeInIndex = 0; path = FirebaseDemoTests.xctest; sourceTree = BUILT_PRODUCTS_DIR; };
		19190C6321AAE87E00587A1C /* FirebaseDemoTests.swift */ = {isa = PBXFileReference; lastKnownFileType = sourcecode.swift; path = FirebaseDemoTests.swift; sourceTree = "<group>"; };
		19190C6521AAE87E00587A1C /* Info.plist */ = {isa = PBXFileReference; lastKnownFileType = text.plist.xml; path = Info.plist; sourceTree = "<group>"; };
		19190C6A21AAE87E00587A1C /* FirebaseDemoUITests.xctest */ = {isa = PBXFileReference; explicitFileType = wrapper.cfbundle; includeInIndex = 0; path = FirebaseDemoUITests.xctest; sourceTree = BUILT_PRODUCTS_DIR; };
		19190C6E21AAE87E00587A1C /* FirebaseDemoUITests.swift */ = {isa = PBXFileReference; lastKnownFileType = sourcecode.swift; path = FirebaseDemoUITests.swift; sourceTree = "<group>"; };
		19190C7021AAE87E00587A1C /* Info.plist */ = {isa = PBXFileReference; lastKnownFileType = text.plist.xml; path = Info.plist; sourceTree = "<group>"; };
		19190C7C21AAEB7B00587A1C /* LoginViewController.swift */ = {isa = PBXFileReference; lastKnownFileType = sourcecode.swift; path = LoginViewController.swift; sourceTree = "<group>"; };
		19190C7E21AAEB9600587A1C /* DatabaseViewController.swift */ = {isa = PBXFileReference; lastKnownFileType = sourcecode.swift; path = DatabaseViewController.swift; sourceTree = "<group>"; };
		19190C8021AAECAD00587A1C /* GoogleService-Info.plist */ = {isa = PBXFileReference; fileEncoding = 4; lastKnownFileType = text.plist.xml; path = "GoogleService-Info.plist"; sourceTree = "<group>"; };
		19190C8221AB1A8D00587A1C /* SpalshViewController.swift */ = {isa = PBXFileReference; lastKnownFileType = sourcecode.swift; path = SpalshViewController.swift; sourceTree = "<group>"; };
		23E84CCCB461F77B2648A2FF /* Pods-FirebaseDemoTests.release.xcconfig */ = {isa = PBXFileReference; includeInIndex = 1; lastKnownFileType = text.xcconfig; name = "Pods-FirebaseDemoTests.release.xcconfig"; path = "Pods/Target Support Files/Pods-FirebaseDemoTests/Pods-FirebaseDemoTests.release.xcconfig"; sourceTree = "<group>"; };
		53981904544A7539B6305ED7 /* Pods-FirebaseDemoUITests.release.xcconfig */ = {isa = PBXFileReference; includeInIndex = 1; lastKnownFileType = text.xcconfig; name = "Pods-FirebaseDemoUITests.release.xcconfig"; path = "Pods/Target Support Files/Pods-FirebaseDemoUITests/Pods-FirebaseDemoUITests.release.xcconfig"; sourceTree = "<group>"; };
		586722F98809BEED44247905 /* Pods_FirebaseDemo.framework */ = {isa = PBXFileReference; explicitFileType = wrapper.framework; includeInIndex = 0; path = Pods_FirebaseDemo.framework; sourceTree = BUILT_PRODUCTS_DIR; };
		5CA7930ED7836AF8989CCE20 /* Pods-FirebaseDemo.release.xcconfig */ = {isa = PBXFileReference; includeInIndex = 1; lastKnownFileType = text.xcconfig; name = "Pods-FirebaseDemo.release.xcconfig"; path = "Pods/Target Support Files/Pods-FirebaseDemo/Pods-FirebaseDemo.release.xcconfig"; sourceTree = "<group>"; };
		6AA3A784814AC385F584EF48 /* Pods-FirebaseDemoUITests.debug.xcconfig */ = {isa = PBXFileReference; includeInIndex = 1; lastKnownFileType = text.xcconfig; name = "Pods-FirebaseDemoUITests.debug.xcconfig"; path = "Pods/Target Support Files/Pods-FirebaseDemoUITests/Pods-FirebaseDemoUITests.debug.xcconfig"; sourceTree = "<group>"; };
		6FC7D55CBF69E6153690C641 /* Pods-FirebaseDemoTests.debug.xcconfig */ = {isa = PBXFileReference; includeInIndex = 1; lastKnownFileType = text.xcconfig; name = "Pods-FirebaseDemoTests.debug.xcconfig"; path = "Pods/Target Support Files/Pods-FirebaseDemoTests/Pods-FirebaseDemoTests.debug.xcconfig"; sourceTree = "<group>"; };
		75819EDA1FBA6DBDDB03CEBC /* Pods_FirebaseDemoTests.framework */ = {isa = PBXFileReference; explicitFileType = wrapper.framework; includeInIndex = 0; path = Pods_FirebaseDemoTests.framework; sourceTree = BUILT_PRODUCTS_DIR; };
		96DA8ACB760E59C6283D8E60 /* Pods_FirebaseDemoUITests.framework */ = {isa = PBXFileReference; explicitFileType = wrapper.framework; includeInIndex = 0; path = Pods_FirebaseDemoUITests.framework; sourceTree = BUILT_PRODUCTS_DIR; };
		C64A88AD3C9319D11CD60B9C /* Pods-FirebaseDemo.debug.xcconfig */ = {isa = PBXFileReference; includeInIndex = 1; lastKnownFileType = text.xcconfig; name = "Pods-FirebaseDemo.debug.xcconfig"; path = "Pods/Target Support Files/Pods-FirebaseDemo/Pods-FirebaseDemo.debug.xcconfig"; sourceTree = "<group>"; };
/* End PBXFileReference section */

/* Begin PBXFrameworksBuildPhase section */
		19190C4821AAE87B00587A1C /* Frameworks */ = {
			isa = PBXFrameworksBuildPhase;
			buildActionMask = 2147483647;
			files = (
				4420AFEBC01360B4DFCC38C2 /* Pods_FirebaseDemo.framework in Frameworks */,
			);
			runOnlyForDeploymentPostprocessing = 0;
		};
		19190C5C21AAE87E00587A1C /* Frameworks */ = {
			isa = PBXFrameworksBuildPhase;
			buildActionMask = 2147483647;
			files = (
				37AF141450012A1CBCEF7CB0 /* Pods_FirebaseDemoTests.framework in Frameworks */,
			);
			runOnlyForDeploymentPostprocessing = 0;
		};
		19190C6721AAE87E00587A1C /* Frameworks */ = {
			isa = PBXFrameworksBuildPhase;
			buildActionMask = 2147483647;
			files = (
				1A70890D99D9F992BCC778DF /* Pods_FirebaseDemoUITests.framework in Frameworks */,
			);
			runOnlyForDeploymentPostprocessing = 0;
		};
/* End PBXFrameworksBuildPhase section */

/* Begin PBXGroup section */
		19190C4221AAE87B00587A1C = {
			isa = PBXGroup;
			children = (
				19190C4D21AAE87B00587A1C /* FirebaseDemo */,
				19190C6221AAE87E00587A1C /* FirebaseDemoTests */,
				19190C6D21AAE87E00587A1C /* FirebaseDemoUITests */,
				19190C4C21AAE87B00587A1C /* Products */,
				71AF096F1200F0C367303756 /* Pods */,
				4016C081008D31DAD5A125C9 /* Frameworks */,
			);
			sourceTree = "<group>";
		};
		19190C4C21AAE87B00587A1C /* Products */ = {
			isa = PBXGroup;
			children = (
				19190C4B21AAE87B00587A1C /* FirebaseDemo.app */,
				19190C5F21AAE87E00587A1C /* FirebaseDemoTests.xctest */,
				19190C6A21AAE87E00587A1C /* FirebaseDemoUITests.xctest */,
			);
			name = Products;
			sourceTree = "<group>";
		};
		19190C4D21AAE87B00587A1C /* FirebaseDemo */ = {
			isa = PBXGroup;
			children = (
				19190C4E21AAE87B00587A1C /* AppDelegate.swift */,
				19190C5021AAE87B00587A1C /* ViewController.swift */,
				19190C5221AAE87B00587A1C /* Main.storyboard */,
				19190C5521AAE87D00587A1C /* Assets.xcassets */,
				19190C5721AAE87D00587A1C /* LaunchScreen.storyboard */,
				19190C5A21AAE87D00587A1C /* Info.plist */,
				19190C8021AAECAD00587A1C /* GoogleService-Info.plist */,
				19190C7C21AAEB7B00587A1C /* LoginViewController.swift */,
				19190C7E21AAEB9600587A1C /* DatabaseViewController.swift */,
				19190C8221AB1A8D00587A1C /* SpalshViewController.swift */,
			);
			path = FirebaseDemo;
			sourceTree = "<group>";
		};
		19190C6221AAE87E00587A1C /* FirebaseDemoTests */ = {
			isa = PBXGroup;
			children = (
				19190C6321AAE87E00587A1C /* FirebaseDemoTests.swift */,
				19190C6521AAE87E00587A1C /* Info.plist */,
			);
			path = FirebaseDemoTests;
			sourceTree = "<group>";
		};
		19190C6D21AAE87E00587A1C /* FirebaseDemoUITests */ = {
			isa = PBXGroup;
			children = (
				19190C6E21AAE87E00587A1C /* FirebaseDemoUITests.swift */,
				19190C7021AAE87E00587A1C /* Info.plist */,
			);
			path = FirebaseDemoUITests;
			sourceTree = "<group>";
		};
		4016C081008D31DAD5A125C9 /* Frameworks */ = {
			isa = PBXGroup;
			children = (
				586722F98809BEED44247905 /* Pods_FirebaseDemo.framework */,
				75819EDA1FBA6DBDDB03CEBC /* Pods_FirebaseDemoTests.framework */,
				96DA8ACB760E59C6283D8E60 /* Pods_FirebaseDemoUITests.framework */,
			);
			name = Frameworks;
			sourceTree = "<group>";
		};
		71AF096F1200F0C367303756 /* Pods */ = {
			isa = PBXGroup;
			children = (
				C64A88AD3C9319D11CD60B9C /* Pods-FirebaseDemo.debug.xcconfig */,
				5CA7930ED7836AF8989CCE20 /* Pods-FirebaseDemo.release.xcconfig */,
				6FC7D55CBF69E6153690C641 /* Pods-FirebaseDemoTests.debug.xcconfig */,
				23E84CCCB461F77B2648A2FF /* Pods-FirebaseDemoTests.release.xcconfig */,
				6AA3A784814AC385F584EF48 /* Pods-FirebaseDemoUITests.debug.xcconfig */,
				53981904544A7539B6305ED7 /* Pods-FirebaseDemoUITests.release.xcconfig */,
			);
			name = Pods;
			sourceTree = "<group>";
		};
/* End PBXGroup section */

/* Begin PBXNativeTarget section */
		19190C4A21AAE87B00587A1C /* FirebaseDemo */ = {
			isa = PBXNativeTarget;
			buildConfigurationList = 19190C7321AAE87E00587A1C /* Build configuration list for PBXNativeTarget "FirebaseDemo" */;
			buildPhases = (
				BF64720D0AD1F628E6F00D61 /* [CP] Check Pods Manifest.lock */,
				19190C4721AAE87B00587A1C /* Sources */,
				19190C4821AAE87B00587A1C /* Frameworks */,
				19190C4921AAE87B00587A1C /* Resources */,
				3B33C8CE131331453F0737C4 /* [CP] Embed Pods Frameworks */,
			);
			buildRules = (
			);
			dependencies = (
			);
			name = FirebaseDemo;
			productName = FirebaseDemo;
			productReference = 19190C4B21AAE87B00587A1C /* FirebaseDemo.app */;
			productType = "com.apple.product-type.application";
		};
		19190C5E21AAE87E00587A1C /* FirebaseDemoTests */ = {
			isa = PBXNativeTarget;
			buildConfigurationList = 19190C7621AAE87E00587A1C /* Build configuration list for PBXNativeTarget "FirebaseDemoTests" */;
			buildPhases = (
				06612F3E97431A09B45BB9E2 /* [CP] Check Pods Manifest.lock */,
				19190C5B21AAE87E00587A1C /* Sources */,
				19190C5C21AAE87E00587A1C /* Frameworks */,
				19190C5D21AAE87E00587A1C /* Resources */,
			);
			buildRules = (
			);
			dependencies = (
				19190C6121AAE87E00587A1C /* PBXTargetDependency */,
			);
			name = FirebaseDemoTests;
			productName = FirebaseDemoTests;
			productReference = 19190C5F21AAE87E00587A1C /* FirebaseDemoTests.xctest */;
			productType = "com.apple.product-type.bundle.unit-test";
		};
		19190C6921AAE87E00587A1C /* FirebaseDemoUITests */ = {
			isa = PBXNativeTarget;
			buildConfigurationList = 19190C7921AAE87E00587A1C /* Build configuration list for PBXNativeTarget "FirebaseDemoUITests" */;
			buildPhases = (
				7360D1612D678F45804D7912 /* [CP] Check Pods Manifest.lock */,
				19190C6621AAE87E00587A1C /* Sources */,
				19190C6721AAE87E00587A1C /* Frameworks */,
				19190C6821AAE87E00587A1C /* Resources */,
			);
			buildRules = (
			);
			dependencies = (
				19190C6C21AAE87E00587A1C /* PBXTargetDependency */,
			);
			name = FirebaseDemoUITests;
			productName = FirebaseDemoUITests;
			productReference = 19190C6A21AAE87E00587A1C /* FirebaseDemoUITests.xctest */;
			productType = "com.apple.product-type.bundle.ui-testing";
		};
/* End PBXNativeTarget section */

/* Begin PBXProject section */
		19190C4321AAE87B00587A1C /* Project object */ = {
			isa = PBXProject;
			attributes = {
				LastSwiftUpdateCheck = 1010;
				LastUpgradeCheck = 1010;
				ORGANIZATIONNAME = Prabhat;
				TargetAttributes = {
					19190C4A21AAE87B00587A1C = {
						CreatedOnToolsVersion = 10.1;
					};
					19190C5E21AAE87E00587A1C = {
						CreatedOnToolsVersion = 10.1;
						TestTargetID = 19190C4A21AAE87B00587A1C;
					};
					19190C6921AAE87E00587A1C = {
						CreatedOnToolsVersion = 10.1;
						TestTargetID = 19190C4A21AAE87B00587A1C;
					};
				};
			};
			buildConfigurationList = 19190C4621AAE87B00587A1C /* Build configuration list for PBXProject "FirebaseDemo" */;
			compatibilityVersion = "Xcode 9.3";
			developmentRegion = en;
			hasScannedForEncodings = 0;
			knownRegions = (
				en,
				Base,
			);
			mainGroup = 19190C4221AAE87B00587A1C;
			productRefGroup = 19190C4C21AAE87B00587A1C /* Products */;
			projectDirPath = "";
			projectRoot = "";
			targets = (
				19190C4A21AAE87B00587A1C /* FirebaseDemo */,
				19190C5E21AAE87E00587A1C /* FirebaseDemoTests */,
				19190C6921AAE87E00587A1C /* FirebaseDemoUITests */,
			);
		};
/* End PBXProject section */

/* Begin PBXResourcesBuildPhase section */
		19190C4921AAE87B00587A1C /* Resources */ = {
			isa = PBXResourcesBuildPhase;
			buildActionMask = 2147483647;
			files = (
				19190C5921AAE87D00587A1C /* LaunchScreen.storyboard in Resources */,
				19190C5621AAE87D00587A1C /* Assets.xcassets in Resources */,
				19190C8121AAECAD00587A1C /* GoogleService-Info.plist in Resources */,
				19190C5421AAE87B00587A1C /* Main.storyboard in Resources */,
			);
			runOnlyForDeploymentPostprocessing = 0;
		};
		19190C5D21AAE87E00587A1C /* Resources */ = {
			isa = PBXResourcesBuildPhase;
			buildActionMask = 2147483647;
			files = (
			);
			runOnlyForDeploymentPostprocessing = 0;
		};
		19190C6821AAE87E00587A1C /* Resources */ = {
			isa = PBXResourcesBuildPhase;
			buildActionMask = 2147483647;
			files = (
			);
			runOnlyForDeploymentPostprocessing = 0;
		};
/* End PBXResourcesBuildPhase section */

/* Begin PBXShellScriptBuildPhase section */
		06612F3E97431A09B45BB9E2 /* [CP] Check Pods Manifest.lock */ = {
			isa = PBXShellScriptBuildPhase;
			buildActionMask = 2147483647;
			files = (
			);
			inputFileListPaths = (
			);
			inputPaths = (
				"${PODS_PODFILE_DIR_PATH}/Podfile.lock",
				"${PODS_ROOT}/Manifest.lock",
			);
			name = "[CP] Check Pods Manifest.lock";
			outputFileListPaths = (
			);
			outputPaths = (
				"$(DERIVED_FILE_DIR)/Pods-FirebaseDemoTests-checkManifestLockResult.txt",
			);
			runOnlyForDeploymentPostprocessing = 0;
			shellPath = /bin/sh;
			shellScript = "diff \"${PODS_PODFILE_DIR_PATH}/Podfile.lock\" \"${PODS_ROOT}/Manifest.lock\" > /dev/null\nif [ $? != 0 ] ; then\n    # print error to STDERR\n    echo \"error: The sandbox is not in sync with the Podfile.lock. Run 'pod install' or update your CocoaPods installation.\" >&2\n    exit 1\nfi\n# This output is used by Xcode 'outputs' to avoid re-running this script phase.\necho \"SUCCESS\" > \"${SCRIPT_OUTPUT_FILE_0}\"\n";
			showEnvVarsInLog = 0;
		};
		3B33C8CE131331453F0737C4 /* [CP] Embed Pods Frameworks */ = {
			isa = PBXShellScriptBuildPhase;
			buildActionMask = 2147483647;
			files = (
			);
			inputFileListPaths = (
			);
			inputPaths = (
				"${SRCROOT}/Pods/Target Support Files/Pods-FirebaseDemo/Pods-FirebaseDemo-frameworks.sh",
				"${BUILT_PRODUCTS_DIR}/GTMSessionFetcher/GTMSessionFetcher.framework",
				"${BUILT_PRODUCTS_DIR}/GoogleUtilities/GoogleUtilities.framework",
				"${BUILT_PRODUCTS_DIR}/leveldb-library/leveldb.framework",
				"${BUILT_PRODUCTS_DIR}/nanopb/nanopb.framework",
			);
			name = "[CP] Embed Pods Frameworks";
			outputFileListPaths = (
			);
			outputPaths = (
				"${TARGET_BUILD_DIR}/${FRAMEWORKS_FOLDER_PATH}/GTMSessionFetcher.framework",
				"${TARGET_BUILD_DIR}/${FRAMEWORKS_FOLDER_PATH}/GoogleUtilities.framework",
				"${TARGET_BUILD_DIR}/${FRAMEWORKS_FOLDER_PATH}/leveldb.framework",
				"${TARGET_BUILD_DIR}/${FRAMEWORKS_FOLDER_PATH}/nanopb.framework",
			);
			runOnlyForDeploymentPostprocessing = 0;
			shellPath = /bin/sh;
			shellScript = "\"${SRCROOT}/Pods/Target Support Files/Pods-FirebaseDemo/Pods-FirebaseDemo-frameworks.sh\"\n";
			showEnvVarsInLog = 0;
		};
		7360D1612D678F45804D7912 /* [CP] Check Pods Manifest.lock */ = {
			isa = PBXShellScriptBuildPhase;
			buildActionMask = 2147483647;
			files = (
			);
			inputFileListPaths = (
			);
			inputPaths = (
				"${PODS_PODFILE_DIR_PATH}/Podfile.lock",
				"${PODS_ROOT}/Manifest.lock",
			);
			name = "[CP] Check Pods Manifest.lock";
			outputFileListPaths = (
			);
			outputPaths = (
				"$(DERIVED_FILE_DIR)/Pods-FirebaseDemoUITests-checkManifestLockResult.txt",
			);
			runOnlyForDeploymentPostprocessing = 0;
			shellPath = /bin/sh;
			shellScript = "diff \"${PODS_PODFILE_DIR_PATH}/Podfile.lock\" \"${PODS_ROOT}/Manifest.lock\" > /dev/null\nif [ $? != 0 ] ; then\n    # print error to STDERR\n    echo \"error: The sandbox is not in sync with the Podfile.lock. Run 'pod install' or update your CocoaPods installation.\" >&2\n    exit 1\nfi\n# This output is used by Xcode 'outputs' to avoid re-running this script phase.\necho \"SUCCESS\" > \"${SCRIPT_OUTPUT_FILE_0}\"\n";
			showEnvVarsInLog = 0;
		};
		BF64720D0AD1F628E6F00D61 /* [CP] Check Pods Manifest.lock */ = {
			isa = PBXShellScriptBuildPhase;
			buildActionMask = 2147483647;
			files = (
			);
			inputFileListPaths = (
			);
			inputPaths = (
				"${PODS_PODFILE_DIR_PATH}/Podfile.lock",
				"${PODS_ROOT}/Manifest.lock",
			);
			name = "[CP] Check Pods Manifest.lock";
			outputFileListPaths = (
			);
			outputPaths = (
				"$(DERIVED_FILE_DIR)/Pods-FirebaseDemo-checkManifestLockResult.txt",
			);
			runOnlyForDeploymentPostprocessing = 0;
			shellPath = /bin/sh;
			shellScript = "diff \"${PODS_PODFILE_DIR_PATH}/Podfile.lock\" \"${PODS_ROOT}/Manifest.lock\" > /dev/null\nif [ $? != 0 ] ; then\n    # print error to STDERR\n    echo \"error: The sandbox is not in sync with the Podfile.lock. Run 'pod install' or update your CocoaPods installation.\" >&2\n    exit 1\nfi\n# This output is used by Xcode 'outputs' to avoid re-running this script phase.\necho \"SUCCESS\" > \"${SCRIPT_OUTPUT_FILE_0}\"\n";
			showEnvVarsInLog = 0;
		};
/* End PBXShellScriptBuildPhase section */

/* Begin PBXSourcesBuildPhase section */
		19190C4721AAE87B00587A1C /* Sources */ = {
			isa = PBXSourcesBuildPhase;
			buildActionMask = 2147483647;
			files = (
				19190C8321AB1A8D00587A1C /* SpalshViewController.swift in Sources */,
				19190C7D21AAEB7B00587A1C /* LoginViewController.swift in Sources */,
				19190C5121AAE87B00587A1C /* ViewController.swift in Sources */,
				19190C4F21AAE87B00587A1C /* AppDelegate.swift in Sources */,
				19190C7F21AAEB9600587A1C /* DatabaseViewController.swift in Sources */,
			);
			runOnlyForDeploymentPostprocessing = 0;
		};
		19190C5B21AAE87E00587A1C /* Sources */ = {
			isa = PBXSourcesBuildPhase;
			buildActionMask = 2147483647;
			files = (
				19190C6421AAE87E00587A1C /* FirebaseDemoTests.swift in Sources */,
			);
			runOnlyForDeploymentPostprocessing = 0;
		};
		19190C6621AAE87E00587A1C /* Sources */ = {
			isa = PBXSourcesBuildPhase;
			buildActionMask = 2147483647;
			files = (
				19190C6F21AAE87E00587A1C /* FirebaseDemoUITests.swift in Sources */,
			);
			runOnlyForDeploymentPostprocessing = 0;
		};
/* End PBXSourcesBuildPhase section */

/* Begin PBXTargetDependency section */
		19190C6121AAE87E00587A1C /* PBXTargetDependency */ = {
			isa = PBXTargetDependency;
			target = 19190C4A21AAE87B00587A1C /* FirebaseDemo */;
			targetProxy = 19190C6021AAE87E00587A1C /* PBXContainerItemProxy */;
		};
		19190C6C21AAE87E00587A1C /* PBXTargetDependency */ = {
			isa = PBXTargetDependency;
			target = 19190C4A21AAE87B00587A1C /* FirebaseDemo */;
			targetProxy = 19190C6B21AAE87E00587A1C /* PBXContainerItemProxy */;
		};
/* End PBXTargetDependency section */

/* Begin PBXVariantGroup section */
		19190C5221AAE87B00587A1C /* Main.storyboard */ = {
			isa = PBXVariantGroup;
			children = (
				19190C5321AAE87B00587A1C /* Base */,
			);
			name = Main.storyboard;
			sourceTree = "<group>";
		};
		19190C5721AAE87D00587A1C /* LaunchScreen.storyboard */ = {
			isa = PBXVariantGroup;
			children = (
				19190C5821AAE87D00587A1C /* Base */,
			);
			name = LaunchScreen.storyboard;
			sourceTree = "<group>";
		};
/* End PBXVariantGroup section */

/* Begin XCBuildConfiguration section */
		19190C7121AAE87E00587A1C /* Debug */ = {
			isa = XCBuildConfiguration;
			buildSettings = {
				ALWAYS_SEARCH_USER_PATHS = NO;
				CLANG_ANALYZER_NONNULL = YES;
				CLANG_ANALYZER_NUMBER_OBJECT_CONVERSION = YES_AGGRESSIVE;
				CLANG_CXX_LANGUAGE_STANDARD = "gnu++14";
				CLANG_CXX_LIBRARY = "libc++";
				CLANG_ENABLE_MODULES = YES;
				CLANG_ENABLE_OBJC_ARC = YES;
				CLANG_ENABLE_OBJC_WEAK = YES;
				CLANG_WARN_BLOCK_CAPTURE_AUTORELEASING = YES;
				CLANG_WARN_BOOL_CONVERSION = YES;
				CLANG_WARN_COMMA = YES;
				CLANG_WARN_CONSTANT_CONVERSION = YES;
				CLANG_WARN_DEPRECATED_OBJC_IMPLEMENTATIONS = YES;
				CLANG_WARN_DIRECT_OBJC_ISA_USAGE = YES_ERROR;
				CLANG_WARN_DOCUMENTATION_COMMENTS = YES;
				CLANG_WARN_EMPTY_BODY = YES;
				CLANG_WARN_ENUM_CONVERSION = YES;
				CLANG_WARN_INFINITE_RECURSION = YES;
				CLANG_WARN_INT_CONVERSION = YES;
				CLANG_WARN_NON_LITERAL_NULL_CONVERSION = YES;
				CLANG_WARN_OBJC_IMPLICIT_RETAIN_SELF = YES;
				CLANG_WARN_OBJC_LITERAL_CONVERSION = YES;
				CLANG_WARN_OBJC_ROOT_CLASS = YES_ERROR;
				CLANG_WARN_RANGE_LOOP_ANALYSIS = YES;
				CLANG_WARN_STRICT_PROTOTYPES = YES;
				CLANG_WARN_SUSPICIOUS_MOVE = YES;
				CLANG_WARN_UNGUARDED_AVAILABILITY = YES_AGGRESSIVE;
				CLANG_WARN_UNREACHABLE_CODE = YES;
				CLANG_WARN__DUPLICATE_METHOD_MATCH = YES;
				CODE_SIGN_IDENTITY = "iPhone Developer";
				COPY_PHASE_STRIP = NO;
				DEBUG_INFORMATION_FORMAT = dwarf;
				ENABLE_STRICT_OBJC_MSGSEND = YES;
				ENABLE_TESTABILITY = YES;
				GCC_C_LANGUAGE_STANDARD = gnu11;
				GCC_DYNAMIC_NO_PIC = NO;
				GCC_NO_COMMON_BLOCKS = YES;
				GCC_OPTIMIZATION_LEVEL = 0;
				GCC_PREPROCESSOR_DEFINITIONS = (
					"DEBUG=1",
					"$(inherited)",
				);
				GCC_WARN_64_TO_32_BIT_CONVERSION = YES;
				GCC_WARN_ABOUT_RETURN_TYPE = YES_ERROR;
				GCC_WARN_UNDECLARED_SELECTOR = YES;
				GCC_WARN_UNINITIALIZED_AUTOS = YES_AGGRESSIVE;
				GCC_WARN_UNUSED_FUNCTION = YES;
				GCC_WARN_UNUSED_VARIABLE = YES;
				IPHONEOS_DEPLOYMENT_TARGET = 12.1;
				MTL_ENABLE_DEBUG_INFO = INCLUDE_SOURCE;
				MTL_FAST_MATH = YES;
				ONLY_ACTIVE_ARCH = YES;
				SDKROOT = iphoneos;
				SWIFT_ACTIVE_COMPILATION_CONDITIONS = DEBUG;
				SWIFT_OPTIMIZATION_LEVEL = "-Onone";
			};
			name = Debug;
		};
		19190C7221AAE87E00587A1C /* Release */ = {
			isa = XCBuildConfiguration;
			buildSettings = {
				ALWAYS_SEARCH_USER_PATHS = NO;
				CLANG_ANALYZER_NONNULL = YES;
				CLANG_ANALYZER_NUMBER_OBJECT_CONVERSION = YES_AGGRESSIVE;
				CLANG_CXX_LANGUAGE_STANDARD = "gnu++14";
				CLANG_CXX_LIBRARY = "libc++";
				CLANG_ENABLE_MODULES = YES;
				CLANG_ENABLE_OBJC_ARC = YES;
				CLANG_ENABLE_OBJC_WEAK = YES;
				CLANG_WARN_BLOCK_CAPTURE_AUTORELEASING = YES;
				CLANG_WARN_BOOL_CONVERSION = YES;
				CLANG_WARN_COMMA = YES;
				CLANG_WARN_CONSTANT_CONVERSION = YES;
				CLANG_WARN_DEPRECATED_OBJC_IMPLEMENTATIONS = YES;
				CLANG_WARN_DIRECT_OBJC_ISA_USAGE = YES_ERROR;
				CLANG_WARN_DOCUMENTATION_COMMENTS = YES;
				CLANG_WARN_EMPTY_BODY = YES;
				CLANG_WARN_ENUM_CONVERSION = YES;
				CLANG_WARN_INFINITE_RECURSION = YES;
				CLANG_WARN_INT_CONVERSION = YES;
				CLANG_WARN_NON_LITERAL_NULL_CONVERSION = YES;
				CLANG_WARN_OBJC_IMPLICIT_RETAIN_SELF = YES;
				CLANG_WARN_OBJC_LITERAL_CONVERSION = YES;
				CLANG_WARN_OBJC_ROOT_CLASS = YES_ERROR;
				CLANG_WARN_RANGE_LOOP_ANALYSIS = YES;
				CLANG_WARN_STRICT_PROTOTYPES = YES;
				CLANG_WARN_SUSPICIOUS_MOVE = YES;
				CLANG_WARN_UNGUARDED_AVAILABILITY = YES_AGGRESSIVE;
				CLANG_WARN_UNREACHABLE_CODE = YES;
				CLANG_WARN__DUPLICATE_METHOD_MATCH = YES;
				CODE_SIGN_IDENTITY = "iPhone Developer";
				COPY_PHASE_STRIP = NO;
				DEBUG_INFORMATION_FORMAT = "dwarf-with-dsym";
				ENABLE_NS_ASSERTIONS = NO;
				ENABLE_STRICT_OBJC_MSGSEND = YES;
				GCC_C_LANGUAGE_STANDARD = gnu11;
				GCC_NO_COMMON_BLOCKS = YES;
				GCC_WARN_64_TO_32_BIT_CONVERSION = YES;
				GCC_WARN_ABOUT_RETURN_TYPE = YES_ERROR;
				GCC_WARN_UNDECLARED_SELECTOR = YES;
				GCC_WARN_UNINITIALIZED_AUTOS = YES_AGGRESSIVE;
				GCC_WARN_UNUSED_FUNCTION = YES;
				GCC_WARN_UNUSED_VARIABLE = YES;
				IPHONEOS_DEPLOYMENT_TARGET = 12.1;
				MTL_ENABLE_DEBUG_INFO = NO;
				MTL_FAST_MATH = YES;
				SDKROOT = iphoneos;
				SWIFT_COMPILATION_MODE = wholemodule;
				SWIFT_OPTIMIZATION_LEVEL = "-O";
				VALIDATE_PRODUCT = YES;
			};
			name = Release;
		};
		19190C7421AAE87E00587A1C /* Debug */ = {
			isa = XCBuildConfiguration;
			baseConfigurationReference = C64A88AD3C9319D11CD60B9C /* Pods-FirebaseDemo.debug.xcconfig */;
			buildSettings = {
				ASSETCATALOG_COMPILER_APPICON_NAME = AppIcon;
				CODE_SIGN_STYLE = Automatic;
				DEVELOPMENT_TEAM = CT58RYXS23;
				INFOPLIST_FILE = FirebaseDemo/Info.plist;
				LD_RUNPATH_SEARCH_PATHS = (
					"$(inherited)",
					"@executable_path/Frameworks",
				);
				PRODUCT_BUNDLE_IDENTIFIER = com.FirebaseDemo;
				PRODUCT_NAME = "$(TARGET_NAME)";
				SWIFT_VERSION = 4.2;
				TARGETED_DEVICE_FAMILY = "1,2";
			};
			name = Debug;
		};
		19190C7521AAE87E00587A1C /* Release */ = {
			isa = XCBuildConfiguration;
			baseConfigurationReference = 5CA7930ED7836AF8989CCE20 /* Pods-FirebaseDemo.release.xcconfig */;
			buildSettings = {
				ASSETCATALOG_COMPILER_APPICON_NAME = AppIcon;
				CODE_SIGN_STYLE = Automatic;
				DEVELOPMENT_TEAM = CT58RYXS23;
				INFOPLIST_FILE = FirebaseDemo/Info.plist;
				LD_RUNPATH_SEARCH_PATHS = (
					"$(inherited)",
					"@executable_path/Frameworks",
				);
				PRODUCT_BUNDLE_IDENTIFIER = com.FirebaseDemo;
				PRODUCT_NAME = "$(TARGET_NAME)";
				SWIFT_VERSION = 4.2;
				TARGETED_DEVICE_FAMILY = "1,2";
			};
			name = Release;
		};
		19190C7721AAE87E00587A1C /* Debug */ = {
			isa = XCBuildConfiguration;
			baseConfigurationReference = 6FC7D55CBF69E6153690C641 /* Pods-FirebaseDemoTests.debug.xcconfig */;
			buildSettings = {
				ALWAYS_EMBED_SWIFT_STANDARD_LIBRARIES = YES;
				BUNDLE_LOADER = "$(TEST_HOST)";
				CODE_SIGN_STYLE = Automatic;
				DEVELOPMENT_TEAM = CT58RYXS23;
				INFOPLIST_FILE = FirebaseDemoTests/Info.plist;
				LD_RUNPATH_SEARCH_PATHS = (
					"$(inherited)",
					"@executable_path/Frameworks",
					"@loader_path/Frameworks",
				);
				PRODUCT_BUNDLE_IDENTIFIER = com.FirebaseDemoTests;
				PRODUCT_NAME = "$(TARGET_NAME)";
				SWIFT_VERSION = 4.2;
				TARGETED_DEVICE_FAMILY = "1,2";
				TEST_HOST = "$(BUILT_PRODUCTS_DIR)/FirebaseDemo.app/FirebaseDemo";
			};
			name = Debug;
		};
		19190C7821AAE87E00587A1C /* Release */ = {
			isa = XCBuildConfiguration;
			baseConfigurationReference = 23E84CCCB461F77B2648A2FF /* Pods-FirebaseDemoTests.release.xcconfig */;
			buildSettings = {
				ALWAYS_EMBED_SWIFT_STANDARD_LIBRARIES = YES;
				BUNDLE_LOADER = "$(TEST_HOST)";
				CODE_SIGN_STYLE = Automatic;
				DEVELOPMENT_TEAM = CT58RYXS23;
				INFOPLIST_FILE = FirebaseDemoTests/Info.plist;
				LD_RUNPATH_SEARCH_PATHS = (
					"$(inherited)",
					"@executable_path/Frameworks",
					"@loader_path/Frameworks",
				);
				PRODUCT_BUNDLE_IDENTIFIER = com.FirebaseDemoTests;
				PRODUCT_NAME = "$(TARGET_NAME)";
				SWIFT_VERSION = 4.2;
				TARGETED_DEVICE_FAMILY = "1,2";
				TEST_HOST = "$(BUILT_PRODUCTS_DIR)/FirebaseDemo.app/FirebaseDemo";
			};
			name = Release;
		};
		19190C7A21AAE87E00587A1C /* Debug */ = {
			isa = XCBuildConfiguration;
			baseConfigurationReference = 6AA3A784814AC385F584EF48 /* Pods-FirebaseDemoUITests.debug.xcconfig */;
			buildSettings = {
				ALWAYS_EMBED_SWIFT_STANDARD_LIBRARIES = YES;
				CODE_SIGN_STYLE = Automatic;
				DEVELOPMENT_TEAM = CT58RYXS23;
				INFOPLIST_FILE = FirebaseDemoUITests/Info.plist;
				LD_RUNPATH_SEARCH_PATHS = (
					"$(inherited)",
					"@executable_path/Frameworks",
					"@loader_path/Frameworks",
				);
				PRODUCT_BUNDLE_IDENTIFIER = com.FirebaseDemoUITests;
				PRODUCT_NAME = "$(TARGET_NAME)";
				SWIFT_VERSION = 4.2;
				TARGETED_DEVICE_FAMILY = "1,2";
				TEST_TARGET_NAME = FirebaseDemo;
			};
			name = Debug;
		};
		19190C7B21AAE87E00587A1C /* Release */ = {
			isa = XCBuildConfiguration;
			baseConfigurationReference = 53981904544A7539B6305ED7 /* Pods-FirebaseDemoUITests.release.xcconfig */;
			buildSettings = {
				ALWAYS_EMBED_SWIFT_STANDARD_LIBRARIES = YES;
				CODE_SIGN_STYLE = Automatic;
				DEVELOPMENT_TEAM = CT58RYXS23;
				INFOPLIST_FILE = FirebaseDemoUITests/Info.plist;
				LD_RUNPATH_SEARCH_PATHS = (
					"$(inherited)",
					"@executable_path/Frameworks",
					"@loader_path/Frameworks",
				);
				PRODUCT_BUNDLE_IDENTIFIER = com.FirebaseDemoUITests;
				PRODUCT_NAME = "$(TARGET_NAME)";
				SWIFT_VERSION = 4.2;
				TARGETED_DEVICE_FAMILY = "1,2";
				TEST_TARGET_NAME = FirebaseDemo;
			};
			name = Release;
		};
/* End XCBuildConfiguration section */

/* Begin XCConfigurationList section */
		19190C4621AAE87B00587A1C /* Build configuration list for PBXProject "FirebaseDemo" */ = {
			isa = XCConfigurationList;
			buildConfigurations = (
				19190C7121AAE87E00587A1C /* Debug */,
				19190C7221AAE87E00587A1C /* Release */,
			);
			defaultConfigurationIsVisible = 0;
			defaultConfigurationName = Release;
		};
		19190C7321AAE87E00587A1C /* Build configuration list for PBXNativeTarget "FirebaseDemo" */ = {
			isa = XCConfigurationList;
			buildConfigurations = (
				19190C7421AAE87E00587A1C /* Debug */,
				19190C7521AAE87E00587A1C /* Release */,
			);
			defaultConfigurationIsVisible = 0;
			defaultConfigurationName = Release;
		};
		19190C7621AAE87E00587A1C /* Build configuration list for PBXNativeTarget "FirebaseDemoTests" */ = {
			isa = XCConfigurationList;
			buildConfigurations = (
				19190C7721AAE87E00587A1C /* Debug */,
				19190C7821AAE87E00587A1C /* Release */,
			);
			defaultConfigurationIsVisible = 0;
			defaultConfigurationName = Release;
		};
		19190C7921AAE87E00587A1C /* Build configuration list for PBXNativeTarget "FirebaseDemoUITests" */ = {
			isa = XCConfigurationList;
			buildConfigurations = (
				19190C7A21AAE87E00587A1C /* Debug */,
				19190C7B21AAE87E00587A1C /* Release */,
			);
			defaultConfigurationIsVisible = 0;
			defaultConfigurationName = Release;
		};
/* End XCConfigurationList section */
	};
	rootObject = 19190C4321AAE87B00587A1C /* Project object */;
}
